
Microsoft Visual Studio Solution File, Format Version 12.00
# Visual Studio Version 17
VisualStudioVersion = 17.13.35825.156
MinimumVisualStudioVersion = 10.0.40219.1
Project("{FAE04EC0-301F-11D3-BF4B-00C04F79EFBC}") = "ValidateAllTheThings", "src\ValidateAllTheThings\ValidateAllTheThings.csproj", "{AA83A22B-04BF-5E96-2D6D-278D3ED3088A}"
EndProject
Global
	GlobalSection(SolutionConfigurationPlatforms) = preSolution
		Debug|Any CPU = Debug|Any CPU
		Release|Any CPU = Release|Any CPU
	EndGlobalSection
	GlobalSection(ProjectConfigurationPlatforms) = postSolution
		{AA83A22B-04BF-5E96-2D6D-278D3ED3088A}.Debug|Any CPU.ActiveCfg = Debug|Any CPU
		{AA83A22B-04BF-5E96-2D6D-278D3ED3088A}.Debug|Any CPU.Build.0 = Debug|Any CPU
		{AA83A22B-04BF-5E96-2D6D-278D3ED3088A}.Release|Any CPU.ActiveCfg = Release|Any CPU
		{AA83A22B-04BF-5E96-2D6D-278D3ED3088A}.Release|Any CPU.Build.0 = Release|Any CPU
	EndGlobalSection
	GlobalSection(SolutionProperties) = preSolution
		HideSolutionNode = FALSE
	EndGlobalSection
	GlobalSection(ExtensibilityGlobals) = postSolution
		SolutionGuid = {29B439FA-939B-4BCF-B6E5-48EDBC12D132}
	EndGlobalSection
EndGlobal
